# THIS IS AN AUTOGENERATED FILE. DO NOT EDIT THIS FILE DIRECTLY.
# yarn lockfile v1


"@types/lodash.filter@^4.6.4":
  version "4.6.4"
  resolved "https://registry.yarnpkg.com/@types/lodash.filter/-/lodash.filter-4.6.4.tgz#41343b555ffe708df6e9a640b640f9671b10dda1"
  dependencies:
    "@types/lodash" "*"

"@types/lodash.forin@^4.4.4":
  version "4.4.4"
  resolved "https://registry.yarnpkg.com/@types/lodash.forin/-/lodash.forin-4.4.4.tgz#1992156bec66a59c871a1446b4ad8d6217d5308c"
  dependencies:
    "@types/lodash" "*"

"@types/lodash.get@^4.4.4":
  version "4.4.4"
  resolved "https://registry.yarnpkg.com/@types/lodash.get/-/lodash.get-4.4.4.tgz#34b67841594e4ddc8853341d65e971a38cb4e2f0"
  dependencies:
    "@types/lodash" "*"

"@types/lodash.includes@^4.3.4":
  version "4.3.4"
  resolved "https://registry.yarnpkg.com/@types/lodash.includes/-/lodash.includes-4.3.4.tgz#cbf150b349c508403eb477be9e9a797647683d8d"
  dependencies:
    "@types/lodash" "*"

"@types/lodash.isarray@^4.0.4":
  version "4.0.4"
  resolved "https://registry.yarnpkg.com/@types/lodash.isarray/-/lodash.isarray-4.0.4.tgz#235ffa03f5e52d21d5fcb40abc744b16858675e1"
  dependencies:
    "@types/lodash" "*"

"@types/lodash.isequal@^4.5.3":
  version "4.5.3"
  resolved "https://registry.yarnpkg.com/@types/lodash.isequal/-/lodash.isequal-4.5.3.tgz#b0d2747d3e76cc94da47ebd932c69a98c0ba61b4"
  dependencies:
    "@types/lodash" "*"

"@types/lodash.isnumber@^3.0.4":
  version "3.0.4"
  resolved "https://registry.yarnpkg.com/@types/lodash.isnumber/-/lodash.isnumber-3.0.4.tgz#00f1b77531b2e669e102afaef1d589a11765f54c"
  dependencies:
    "@types/lodash" "*"

"@types/lodash.isstring@^4.0.4":
  version "4.0.4"
  resolved "https://registry.yarnpkg.com/@types/lodash.isstring/-/lodash.isstring-4.0.4.tgz#d049735cd098c39227a9974068b61c874ac107bc"
  dependencies:
    "@types/lodash" "*"

"@types/lodash.last@^3.0.4":
  version "3.0.4"
  resolved "https://registry.yarnpkg.com/@types/lodash.last/-/lodash.last-3.0.4.tgz#7c3dcd6be9de2a5517614e8cca604d0ef2a6c73a"
  dependencies:
    "@types/lodash" "*"

"@types/lodash.map@^4.6.13":
  version "4.6.13"
  resolved "https://registry.yarnpkg.com/@types/lodash.map/-/lodash.map-4.6.13.tgz#7d776611d4c0345e48cfdfe466d7b291b31d1d13"
  dependencies:
    "@types/lodash" "*"

"@types/lodash.set@^4.3.4":
  version "4.3.4"
  resolved "https://registry.yarnpkg.com/@types/lodash.set/-/lodash.set-4.3.4.tgz#ef11a971c7d3858e74fa6f745b4b69b2256f6c07"
  dependencies:
    "@types/lodash" "*"

"@types/lodash@*":
  version "4.14.118"
  resolved "https://registry.yarnpkg.com/@types/lodash/-/lodash-4.14.118.tgz#247bab39bfcc6d910d4927c6e06cbc70ec376f27"

"@types/node@^10.12.9":
  version "10.12.9"
  resolved "https://registry.yarnpkg.com/@types/node/-/node-10.12.9.tgz#a07bfa74331471e1dc22a47eb72026843f7b95c8"

"@types/prop-types@*":
  version "15.5.6"
  resolved "https://registry.yarnpkg.com/@types/prop-types/-/prop-types-15.5.6.tgz#9c03d3fed70a8d517c191b7734da2879b50ca26c"

"@types/react@^16.7.6":
  version "16.7.6"
  resolved "https://registry.yarnpkg.com/@types/react/-/react-16.7.6.tgz#80e4bab0d0731ad3ae51f320c4b08bdca5f03040"
  dependencies:
    "@types/prop-types" "*"
    csstype "^2.2.0"

csstype@^2.2.0:
  version "2.5.7"
  resolved "https://registry.yarnpkg.com/csstype/-/csstype-2.5.7.tgz#bf9235d5872141eccfb2d16d82993c6b149179ff"

"js-tokens@^3.0.0 || ^4.0.0":
  version "4.0.0"
  resolved "https://registry.yarnpkg.com/js-tokens/-/js-tokens-4.0.0.tgz#19203fb59991df98e3a287050d4647cdeaf32499"

lodash.clonedeep@^4.5.0:
  version "4.5.0"
  resolved "https://registry.yarnpkg.com/lodash.clonedeep/-/lodash.clonedeep-4.5.0.tgz#e23f3f9c4f8fbdde872529c1071857a086e5ccef"

lodash.filter@^4.6.0:
  version "4.6.0"
  resolved "https://registry.yarnpkg.com/lodash.filter/-/lodash.filter-4.6.0.tgz#668b1d4981603ae1cc5a6fa760143e480b4c4ace"

lodash.forin@^4.4.0:
  version "4.4.0"
  resolved "https://registry.yarnpkg.com/lodash.forin/-/lodash.forin-4.4.0.tgz#5d3f20ae564011fbe88381f7d98949c9c9519731"

lodash.get@^4.4.2:
  version "4.4.2"
  resolved "https://registry.yarnpkg.com/lodash.get/-/lodash.get-4.4.2.tgz#2d177f652fa31e939b4438d5341499dfa3825e99"

lodash.includes@^4.3.0:
  version "4.3.0"
  resolved "https://registry.yarnpkg.com/lodash.includes/-/lodash.includes-4.3.0.tgz#60bb98a87cb923c68ca1e51325483314849f553f"

lodash.isarray@^4.0.0:
  version "4.0.0"
  resolved "https://registry.yarnpkg.com/lodash.isarray/-/lodash.isarray-4.0.0.tgz#2aca496b28c4ca6d726715313590c02e6ea34403"

lodash.isequal@^4.5.0:
  version "4.5.0"
  resolved "https://registry.yarnpkg.com/lodash.isequal/-/lodash.isequal-4.5.0.tgz#415c4478f2bcc30120c22ce10ed3226f7d3e18e0"

lodash.isnumber@^3.0.3:
  version "3.0.3"
  resolved "https://registry.yarnpkg.com/lodash.isnumber/-/lodash.isnumber-3.0.3.tgz#3ce76810c5928d03352301ac287317f11c0b1ffc"

lodash.isstring@^4.0.1:
  version "4.0.1"
  resolved "https://registry.yarnpkg.com/lodash.isstring/-/lodash.isstring-4.0.1.tgz#d527dfb5456eca7cc9bb95d5daeaf88ba54a5451"

lodash.last@^3.0.0:
  version "3.0.0"
  resolved "https://registry.yarnpkg.com/lodash.last/-/lodash.last-3.0.0.tgz#242f663112dd4c6e63728c60a3c909d1bdadbd4c"

lodash.map@^4.6.0:
  version "4.6.0"
  resolved "https://registry.yarnpkg.com/lodash.map/-/lodash.map-4.6.0.tgz#771ec7839e3473d9c4cde28b19394c3562f4f6d3"

lodash.set@^4.3.2:
  version "4.3.2"
  resolved "https://registry.yarnpkg.com/lodash.set/-/lodash.set-4.3.2.tgz#d8757b1da807dde24816b0d6a84bea1a76230b23"

loose-envify@^1.1.0, loose-envify@^1.3.1:
  version "1.4.0"
  resolved "https://registry.yarnpkg.com/loose-envify/-/loose-envify-1.4.0.tgz#71ee51fa7be4caec1a63839f7e682d8132d30caf"
  dependencies:
    js-tokens "^3.0.0 || ^4.0.0"

object-assign@^4.1.1:
  version "4.1.1"
  resolved "https://registry.yarnpkg.com/object-assign/-/object-assign-4.1.1.tgz#2109adc7965887cfc05cbbd442cac8bfbb360863"

prop-types@^15.6.2:
  version "15.6.2"
  resolved "https://registry.yarnpkg.com/prop-types/-/prop-types-15.6.2.tgz#05d5ca77b4453e985d60fc7ff8c859094a497102"
  dependencies:
    loose-envify "^1.3.1"
    object-assign "^4.1.1"

react@^16.6.3:
  version "16.6.3"
  resolved "https://registry.yarnpkg.com/react/-/react-16.6.3.tgz#25d77c91911d6bbdd23db41e70fb094cc1e0871c"
  dependencies:
    loose-envify "^1.1.0"
    object-assign "^4.1.1"
    prop-types "^15.6.2"
    scheduler "^0.11.2"

scheduler@^0.11.2:
  version "0.11.2"
  resolved "https://registry.yarnpkg.com/scheduler/-/scheduler-0.11.2.tgz#a8db5399d06eba5abac51b705b7151d2319d33d3"
  dependencies:
    loose-envify "^1.1.0"
    object-assign "^4.1.1"

typescript@^3.1.6:
  version "3.1.6"
  resolved "https://registry.yarnpkg.com/typescript/-/typescript-3.1.6.tgz#b6543a83cfc8c2befb3f4c8fba6896f5b0c9be68"
